
Microsoft Visual Studio Solution File, Format Version 12.00
# Visual Studio 14
VisualStudioVersion = 14.0.25420.1
MinimumVisualStudioVersion = 10.0.40219.1
Project("{2150E333-8FDC-42A3-9474-1A3956D46DE8}") = "src", "src", "{A8B43374-DC92-471D-A081-767D7F1C3196}"
EndProject
Project("{2150E333-8FDC-42A3-9474-1A3956D46DE8}") = "Solution Items", "Solution Items", "{5FE0BB6E-2CC9-4A45-A54A-C9A434B361F0}"
	ProjectSection(SolutionItems) = preProject
		global.json = global.json
	EndProjectSection
EndProject
Project("{8BB2217D-0F2D-49D1-97BC-3654ED321F3B}") = "Messenger", "src\Messenger\Messenger.xproj", "{92266CE6-D266-489B-8BA8-F6277F33E2E8}"
EndProject
Project("{2150E333-8FDC-42A3-9474-1A3956D46DE8}") = "test", "test", "{5C81D2E5-C1F2-4812-A475-D112769FA5AF}"
EndProject
Project("{8BB2217D-0F2D-49D1-97BC-3654ED321F3B}") = "TestMessenger", "TestMessenger\TestMessenger.xproj", "{0CEA4D2E-0BD9-4B4D-8E6D-5F3519130EB4}"
EndProject
Global
	GlobalSection(SolutionConfigurationPlatforms) = preSolution
		Debug|Any CPU = Debug|Any CPU
		Release|Any CPU = Release|Any CPU
	EndGlobalSection
	GlobalSection(ProjectConfigurationPlatforms) = postSolution
		{92266CE6-D266-489B-8BA8-F6277F33E2E8}.Debug|Any CPU.ActiveCfg = Debug|Any CPU
		{92266CE6-D266-489B-8BA8-F6277F33E2E8}.Debug|Any CPU.Build.0 = Debug|Any CPU
		{92266CE6-D266-489B-8BA8-F6277F33E2E8}.Release|Any CPU.ActiveCfg = Release|Any CPU
		{92266CE6-D266-489B-8BA8-F6277F33E2E8}.Release|Any CPU.Build.0 = Release|Any CPU
		{0CEA4D2E-0BD9-4B4D-8E6D-5F3519130EB4}.Debug|Any CPU.ActiveCfg = Debug|Any CPU
		{0CEA4D2E-0BD9-4B4D-8E6D-5F3519130EB4}.Debug|Any CPU.Build.0 = Debug|Any CPU
		{0CEA4D2E-0BD9-4B4D-8E6D-5F3519130EB4}.Release|Any CPU.ActiveCfg = Release|Any CPU
		{0CEA4D2E-0BD9-4B4D-8E6D-5F3519130EB4}.Release|Any CPU.Build.0 = Release|Any CPU
	EndGlobalSection
	GlobalSection(SolutionProperties) = preSolution
		HideSolutionNode = FALSE
	EndGlobalSection
	GlobalSection(NestedProjects) = preSolution
		{92266CE6-D266-489B-8BA8-F6277F33E2E8} = {A8B43374-DC92-471D-A081-767D7F1C3196}
		{0CEA4D2E-0BD9-4B4D-8E6D-5F3519130EB4} = {5C81D2E5-C1F2-4812-A475-D112769FA5AF}
	EndGlobalSection
EndGlobal
